<?xml version="1.0" encoding="utf-8"?>
<Project ToolsVersion="4.0" xmlns="http://schemas.microsoft.com/developer/msbuild/2003">
  <ItemGroup>
    <Filter Include="源文件">
      <UniqueIdentifier>{4FC737F1-C7A5-4376-A066-2A32D752A2FF}</UniqueIdentifier>
      <Extensions>cpp;c;cc;cxx;def;odl;idl;hpj;bat;asm;asmx</Extensions>
    </Filter>
    <Filter Include="头文件">
      <UniqueIdentifier>{93995380-89BD-4b04-88EB-625FBE52EBFB}</UniqueIdentifier>
      <Extensions>h;hpp;hxx;hm;inl;inc;xsd</Extensions>
    </Filter>
  </ItemGroup>
  <ItemGroup>
    <ClInclude Include="..\..\inc\crc32.h">
      <Filter>头文件</Filter>
    </ClInclude>
    <ClInclude Include="..\..\inc\deflate.h">
      <Filter>头文件</Filter>
    </ClInclude>
    <ClInclude Include="..\..\inc\gzguts.h">
      <Filter>头文件</Filter>
    </ClInclude>
    <ClInclude Include="..\..\inc\inffast.h">
      <Filter>头文件</Filter>
    </ClInclude>
    <ClInclude Include="..\..\inc\inffixed.h">
      <Filter>头文件</Filter>
    </ClInclude>
    <ClInclude Include="..\..\inc\inflate.h">
      <Filter>头文件</Filter>
    </ClInclude>
    <ClInclude Include="..\..\inc\inftrees.h">
      <Filter>头文件</Filter>
    </ClInclude>
    <ClInclude Include="..\..\inc\trees.h">
      <Filter>头文件</Filter>
    </ClInclude>
    <ClInclude Include="..\..\inc\zconf.h">
      <Filter>头文件</Filter>
    </ClInclude>
    <ClInclude Include="..\..\inc\zlib.h">
      <Filter>头文件</Filter>
    </ClInclude>
    <ClInclude Include="..\..\inc\zutil.h">
      <Filter>头文件</Filter>
    </ClInclude>
  </ItemGroup>
  <ItemGroup>
    <ClCompile Include="..\..\src\adler32.c">
      <Filter>源文件</Filter>
    </ClCompile>
    <ClCompile Include="..\..\src\compress.c">
      <Filter>源文件</Filter>
    </ClCompile>
    <ClCompile Include="..\..\src\crc32.c">
      <Filter>源文件</Filter>
    </ClCompile>
    <ClCompile Include="..\..\src\deflate.c">
      <Filter>源文件</Filter>
    </ClCompile>
    <ClCompile Include="..\..\src\gzclose.c">
      <Filter>源文件</Filter>
    </ClCompile>
    <ClCompile Include="..\..\src\gzlib.c">
      <Filter>源文件</Filter>
    </ClCompile>
    <ClCompile Include="..\..\src\gzread.c">
      <Filter>源文件</Filter>
    </ClCompile>
    <ClCompile Include="..\..\src\gzwrite.c">
      <Filter>源文件</Filter>
    </ClCompile>
    <ClCompile Include="..\..\src\infback.c">
      <Filter>源文件</Filter>
    </ClCompile>
    <ClCompile Include="..\..\src\inffast.c">
      <Filter>源文件</Filter>
    </ClCompile>
    <ClCompile Include="..\..\src\inflate.c">
      <Filter>源文件</Filter>
    </ClCompile>
    <ClCompile Include="..\..\src\inftrees.c">
      <Filter>源文件</Filter>
    </ClCompile>
    <ClCompile Include="..\..\src\trees.c">
      <Filter>源文件</Filter>
    </ClCompile>
    <ClCompile Include="..\..\src\uncompr.c">
      <Filter>源文件</Filter>
    </ClCompile>
    <ClCompile Include="..\..\src\zutil.c">
      <Filter>源文件</Filter>
    </ClCompile>
  </ItemGroup>
</Project>